
Microsoft Visual Studio Solution File, Format Version 12.00
# Visual Studio Version 17
VisualStudioVersion = 17.8.34511.84
MinimumVisualStudioVersion = 10.0.40219.1
Project("{FAE04EC0-301F-11D3-BF4B-00C04F79EFBC}") = "MVCPractice", "MVCPractice\MVCPractice.csproj", "{53880DBA-0ED4-4D50-B403-D605F4469F52}"
EndProject
Project("{FAE04EC0-301F-11D3-BF4B-00C04F79EFBC}") = "DAL", "DAL\DAL.csproj", "{A3A82FF0-803B-4F16-B76A-D06757F55EF0}"
EndProject
Project("{FAE04EC0-301F-11D3-BF4B-00C04F79EFBC}") = "BAL", "BAL\BAL.csproj", "{C600FC52-0A5F-4832-B72F-BDFBA7ACC220}"
EndProject
Project("{FAE04EC0-301F-11D3-BF4B-00C04F79EFBC}") = "Business Objects", "Business Objects\Business Objects.csproj", "{9D149402-81E7-4F91-8D9A-08626D7D1E5A}"
EndProject
Global
	GlobalSection(SolutionConfigurationPlatforms) = preSolution
		Debug|Any CPU = Debug|Any CPU
		Release|Any CPU = Release|Any CPU
	EndGlobalSection
	GlobalSection(ProjectConfigurationPlatforms) = postSolution
		{53880DBA-0ED4-4D50-B403-D605F4469F52}.Debug|Any CPU.ActiveCfg = Debug|Any CPU
		{53880DBA-0ED4-4D50-B403-D605F4469F52}.Debug|Any CPU.Build.0 = Debug|Any CPU
		{53880DBA-0ED4-4D50-B403-D605F4469F52}.Release|Any CPU.ActiveCfg = Release|Any CPU
		{53880DBA-0ED4-4D50-B403-D605F4469F52}.Release|Any CPU.Build.0 = Release|Any CPU
		{A3A82FF0-803B-4F16-B76A-D06757F55EF0}.Debug|Any CPU.ActiveCfg = Debug|Any CPU
		{A3A82FF0-803B-4F16-B76A-D06757F55EF0}.Debug|Any CPU.Build.0 = Debug|Any CPU
		{A3A82FF0-803B-4F16-B76A-D06757F55EF0}.Release|Any CPU.ActiveCfg = Release|Any CPU
		{A3A82FF0-803B-4F16-B76A-D06757F55EF0}.Release|Any CPU.Build.0 = Release|Any CPU
		{C600FC52-0A5F-4832-B72F-BDFBA7ACC220}.Debug|Any CPU.ActiveCfg = Debug|Any CPU
		{C600FC52-0A5F-4832-B72F-BDFBA7ACC220}.Debug|Any CPU.Build.0 = Debug|Any CPU
		{C600FC52-0A5F-4832-B72F-BDFBA7ACC220}.Release|Any CPU.ActiveCfg = Release|Any CPU
		{C600FC52-0A5F-4832-B72F-BDFBA7ACC220}.Release|Any CPU.Build.0 = Release|Any CPU
		{9D149402-81E7-4F91-8D9A-08626D7D1E5A}.Debug|Any CPU.ActiveCfg = Debug|Any CPU
		{9D149402-81E7-4F91-8D9A-08626D7D1E5A}.Debug|Any CPU.Build.0 = Debug|Any CPU
		{9D149402-81E7-4F91-8D9A-08626D7D1E5A}.Release|Any CPU.ActiveCfg = Release|Any CPU
		{9D149402-81E7-4F91-8D9A-08626D7D1E5A}.Release|Any CPU.Build.0 = Release|Any CPU
	EndGlobalSection
	GlobalSection(SolutionProperties) = preSolution
		HideSolutionNode = FALSE
	EndGlobalSection
	GlobalSection(ExtensibilityGlobals) = postSolution
		SolutionGuid = {770B50F9-67A5-4F8C-A469-CA938EC48C68}
	EndGlobalSection
EndGlobal
